// !$*UTF8*$!
{
	archiveVersion = 1;
	classes = {
	};
	objectVersion = 56;
	objects = {

/* Begin PBXBuildFile section */
		CE9898F92C8E616100A9DD46 /* AppDelegate.swift in Sources */ = {isa = PBXBuildFile; fileRef = CE9898F82C8E616100A9DD46 /* AppDelegate.swift */; };
		CE9898FB2C8E616100A9DD46 /* SceneDelegate.swift in Sources */ = {isa = PBXBuildFile; fileRef = CE9898FA2C8E616100A9DD46 /* SceneDelegate.swift */; };
		CE9898FD2C8E616100A9DD46 /* ViewController.swift in Sources */ = {isa = PBXBuildFile; fileRef = CE9898FC2C8E616100A9DD46 /* ViewController.swift */; };
		CE9899002C8E616100A9DD46 /* Base in Resources */ = {isa = PBXBuildFile; fileRef = CE9898FF2C8E616100A9DD46 /* Base */; };
		CE9899022C8E616300A9DD46 /* Assets.xcassets in Resources */ = {isa = PBXBuildFile; fileRef = CE9899012C8E616300A9DD46 /* Assets.xcassets */; };
		CE9899052C8E616300A9DD46 /* Base in Resources */ = {isa = PBXBuildFile; fileRef = CE9899042C8E616300A9DD46 /* Base */; };
		CE9899102C8E617000A9DD46 /* kangaroo.jpg in Resources */ = {isa = PBXBuildFile; fileRef = CE98990C2C8E617000A9DD46 /* kangaroo.jpg */; };
		CE9899112C8E617000A9DD46 /* kirin.jpg in Resources */ = {isa = PBXBuildFile; fileRef = CE98990D2C8E617000A9DD46 /* kirin.jpg */; };
		CE9899122C8E617000A9DD46 /* penguin.jpg in Resources */ = {isa = PBXBuildFile; fileRef = CE98990E2C8E617000A9DD46 /* penguin.jpg */; };
		CE9899142C974AA700A9DD46 /* Animal.swift in Sources */ = {isa = PBXBuildFile; fileRef = CE9899132C974AA700A9DD46 /* Animal.swift */; };
/* End PBXBuildFile section */

/* Begin PBXFileReference section */
		CE9898F52C8E616100A9DD46 /* Zukan.app */ = {isa = PBXFileReference; explicitFileType = wrapper.application; includeInIndex = 0; path = Zukan.app; sourceTree = BUILT_PRODUCTS_DIR; };
		CE9898F82C8E616100A9DD46 /* AppDelegate.swift */ = {isa = PBXFileReference; lastKnownFileType = sourcecode.swift; path = AppDelegate.swift; sourceTree = "<group>"; };
		CE9898FA2C8E616100A9DD46 /* SceneDelegate.swift */ = {isa = PBXFileReference; lastKnownFileType = sourcecode.swift; path = SceneDelegate.swift; sourceTree = "<group>"; };
		CE9898FC2C8E616100A9DD46 /* ViewController.swift */ = {isa = PBXFileReference; lastKnownFileType = sourcecode.swift; path = ViewController.swift; sourceTree = "<group>"; };
		CE9898FF2C8E616100A9DD46 /* Base */ = {isa = PBXFileReference; lastKnownFileType = file.storyboard; name = Base; path = Base.lproj/Main.storyboard; sourceTree = "<group>"; };
		CE9899012C8E616300A9DD46 /* Assets.xcassets */ = {isa = PBXFileReference; lastKnownFileType = folder.assetcatalog; path = Assets.xcassets; sourceTree = "<group>"; };
		CE9899042C8E616300A9DD46 /* Base */ = {isa = PBXFileReference; lastKnownFileType = file.storyboard; name = Base; path = Base.lproj/LaunchScreen.storyboard; sourceTree = "<group>"; };
		CE9899062C8E616300A9DD46 /* Info.plist */ = {isa = PBXFileReference; lastKnownFileType = text.plist.xml; path = Info.plist; sourceTree = "<group>"; };
		CE98990C2C8E617000A9DD46 /* kangaroo.jpg */ = {isa = PBXFileReference; lastKnownFileType = image.jpeg; path = kangaroo.jpg; sourceTree = "<group>"; };
		CE98990D2C8E617000A9DD46 /* kirin.jpg */ = {isa = PBXFileReference; lastKnownFileType = image.jpeg; path = kirin.jpg; sourceTree = "<group>"; };
		CE98990E2C8E617000A9DD46 /* penguin.jpg */ = {isa = PBXFileReference; lastKnownFileType = image.jpeg; path = penguin.jpg; sourceTree = "<group>"; };
		CE9899132C974AA700A9DD46 /* Animal.swift */ = {isa = PBXFileReference; lastKnownFileType = sourcecode.swift; path = Animal.swift; sourceTree = "<group>"; };
/* End PBXFileReference section */

/* Begin PBXFrameworksBuildPhase section */
		CE9898F22C8E616100A9DD46 /* Frameworks */ = {
			isa = PBXFrameworksBuildPhase;
			buildActionMask = 2147483647;
			files = (
			);
			runOnlyForDeploymentPostprocessing = 0;
		};
/* End PBXFrameworksBuildPhase section */

/* Begin PBXGroup section */
		CE9898EC2C8E616100A9DD46 = {
			isa = PBXGroup;
			children = (
				CE9898F72C8E616100A9DD46 /* Zukan */,
				CE9898F62C8E616100A9DD46 /* Products */,
			);
			sourceTree = "<group>";
		};
		CE9898F62C8E616100A9DD46 /* Products */ = {
			isa = PBXGroup;
			children = (
				CE9898F52C8E616100A9DD46 /* Zukan.app */,
			);
			name = Products;
			sourceTree = "<group>";
		};
		CE9898F72C8E616100A9DD46 /* Zukan */ = {
			isa = PBXGroup;
			children = (
				CE9898F82C8E616100A9DD46 /* AppDelegate.swift */,
				CE9898FA2C8E616100A9DD46 /* SceneDelegate.swift */,
				CE9898FC2C8E616100A9DD46 /* ViewController.swift */,
				CE9898FE2C8E616100A9DD46 /* Main.storyboard */,
				CE9899012C8E616300A9DD46 /* Assets.xcassets */,
				CE9899032C8E616300A9DD46 /* LaunchScreen.storyboard */,
				CE9899062C8E616300A9DD46 /* Info.plist */,
				CE98990F2C8E617000A9DD46 /* images */,
				CE9899132C974AA700A9DD46 /* Animal.swift */,
			);
			path = Zukan;
			sourceTree = "<group>";
		};
		CE98990F2C8E617000A9DD46 /* images */ = {
			isa = PBXGroup;
			children = (
				CE98990C2C8E617000A9DD46 /* kangaroo.jpg */,
				CE98990D2C8E617000A9DD46 /* kirin.jpg */,
				CE98990E2C8E617000A9DD46 /* penguin.jpg */,
			);
			path = images;
			sourceTree = "<group>";
		};
/* End PBXGroup section */

/* Begin PBXNativeTarget section */
		CE9898F42C8E616100A9DD46 /* Zukan */ = {
			isa = PBXNativeTarget;
			buildConfigurationList = CE9899092C8E616300A9DD46 /* Build configuration list for PBXNativeTarget "Zukan" */;
			buildPhases = (
				CE9898F12C8E616100A9DD46 /* Sources */,
				CE9898F22C8E616100A9DD46 /* Frameworks */,
				CE9898F32C8E616100A9DD46 /* Resources */,
			);
			buildRules = (
			);
			dependencies = (
			);
			name = Zukan;
			productName = Zukan;
			productReference = CE9898F52C8E616100A9DD46 /* Zukan.app */;
			productType = "com.apple.product-type.application";
		};
/* End PBXNativeTarget section */

/* Begin PBXProject section */
		CE9898ED2C8E616100A9DD46 /* Project object */ = {
			isa = PBXProject;
			attributes = {
				BuildIndependentTargetsInParallel = 1;
				LastSwiftUpdateCheck = 1540;
				LastUpgradeCheck = 1540;
				TargetAttributes = {
					CE9898F42C8E616100A9DD46 = {
						CreatedOnToolsVersion = 15.4;
					};
				};
			};
			buildConfigurationList = CE9898F02C8E616100A9DD46 /* Build configuration list for PBXProject "Zukan" */;
			compatibilityVersion = "Xcode 14.0";
			developmentRegion = en;
			hasScannedForEncodings = 0;
			knownRegions = (
				en,
				Base,
			);
			mainGroup = CE9898EC2C8E616100A9DD46;
			productRefGroup = CE9898F62C8E616100A9DD46 /* Products */;
			projectDirPath = "";
			projectRoot = "";
			targets = (
				CE9898F42C8E616100A9DD46 /* Zukan */,
			);
		};
/* End PBXProject section */

/* Begin PBXResourcesBuildPhase section */
		CE9898F32C8E616100A9DD46 /* Resources */ = {
			isa = PBXResourcesBuildPhase;
			buildActionMask = 2147483647;
			files = (
				CE9899122C8E617000A9DD46 /* penguin.jpg in Resources */,
				CE9899112C8E617000A9DD46 /* kirin.jpg in Resources */,
				CE9899022C8E616300A9DD46 /* Assets.xcassets in Resources */,
				CE9899102C8E617000A9DD46 /* kangaroo.jpg in Resources */,
				CE9899052C8E616300A9DD46 /* Base in Resources */,
				CE9899002C8E616100A9DD46 /* Base in Resources */,
			);
			runOnlyForDeploymentPostprocessing = 0;
		};
/* End PBXResourcesBuildPhase section */

/* Begin PBXSourcesBuildPhase section */
		CE9898F12C8E616100A9DD46 /* Sources */ = {
			isa = PBXSourcesBuildPhase;
			buildActionMask = 2147483647;
			files = (
				CE9898FD2C8E616100A9DD46 /* ViewController.swift in Sources */,
				CE9899142C974AA700A9DD46 /* Animal.swift in Sources */,
				CE9898F92C8E616100A9DD46 /* AppDelegate.swift in Sources */,
				CE9898FB2C8E616100A9DD46 /* SceneDelegate.swift in Sources */,
			);
			runOnlyForDeploymentPostprocessing = 0;
		};
/* End PBXSourcesBuildPhase section */

/* Begin PBXVariantGroup section */
		CE9898FE2C8E616100A9DD46 /* Main.storyboard */ = {
			isa = PBXVariantGroup;
			children = (
				CE9898FF2C8E616100A9DD46 /* Base */,
			);
			name = Main.storyboard;
			sourceTree = "<group>";
		};
		CE9899032C8E616300A9DD46 /* LaunchScreen.storyboard */ = {
			isa = PBXVariantGroup;
			children = (
				CE9899042C8E616300A9DD46 /* Base */,
			);
			name = LaunchScreen.storyboard;
			sourceTree = "<group>";
		};
/* End PBXVariantGroup section */

/* Begin XCBuildConfiguration section */
		CE9899072C8E616300A9DD46 /* Debug */ = {
			isa = XCBuildConfiguration;
			buildSettings = {
				ALWAYS_SEARCH_USER_PATHS = NO;
				ASSETCATALOG_COMPILER_GENERATE_SWIFT_ASSET_SYMBOL_EXTENSIONS = YES;
				CLANG_ANALYZER_NONNULL = YES;
				CLANG_ANALYZER_NUMBER_OBJECT_CONVERSION = YES_AGGRESSIVE;
				CLANG_CXX_LANGUAGE_STANDARD = "gnu++20";
				CLANG_ENABLE_MODULES = YES;
				CLANG_ENABLE_OBJC_ARC = YES;
				CLANG_ENABLE_OBJC_WEAK = YES;
				CLANG_WARN_BLOCK_CAPTURE_AUTORELEASING = YES;
				CLANG_WARN_BOOL_CONVERSION = YES;
				CLANG_WARN_COMMA = YES;
				CLANG_WARN_CONSTANT_CONVERSION = YES;
				CLANG_WARN_DEPRECATED_OBJC_IMPLEMENTATIONS = YES;
				CLANG_WARN_DIRECT_OBJC_ISA_USAGE = YES_ERROR;
				CLANG_WARN_DOCUMENTATION_COMMENTS = YES;
				CLANG_WARN_EMPTY_BODY = YES;
				CLANG_WARN_ENUM_CONVERSION = YES;
				CLANG_WARN_INFINITE_RECURSION = YES;
				CLANG_WARN_INT_CONVERSION = YES;
				CLANG_WARN_NON_LITERAL_NULL_CONVERSION = YES;
				CLANG_WARN_OBJC_IMPLICIT_RETAIN_SELF = YES;
				CLANG_WARN_OBJC_LITERAL_CONVERSION = YES;
				CLANG_WARN_OBJC_ROOT_CLASS = YES_ERROR;
				CLANG_WARN_QUOTED_INCLUDE_IN_FRAMEWORK_HEADER = YES;
				CLANG_WARN_RANGE_LOOP_ANALYSIS = YES;
				CLANG_WARN_STRICT_PROTOTYPES = YES;
				CLANG_WARN_SUSPICIOUS_MOVE = YES;
				CLANG_WARN_UNGUARDED_AVAILABILITY = YES_AGGRESSIVE;
				CLANG_WARN_UNREACHABLE_CODE = YES;
				CLANG_WARN__DUPLICATE_METHOD_MATCH = YES;
				COPY_PHASE_STRIP = NO;
				DEBUG_INFORMATION_FORMAT = dwarf;
				ENABLE_STRICT_OBJC_MSGSEND = YES;
				ENABLE_TESTABILITY = YES;
				ENABLE_USER_SCRIPT_SANDBOXING = YES;
				GCC_C_LANGUAGE_STANDARD = gnu17;
				GCC_DYNAMIC_NO_PIC = NO;
				GCC_NO_COMMON_BLOCKS = YES;
				GCC_OPTIMIZATION_LEVEL = 0;
				GCC_PREPROCESSOR_DEFINITIONS = (
					"DEBUG=1",
					"$(inherited)",
				);
				GCC_WARN_64_TO_32_BIT_CONVERSION = YES;
				GCC_WARN_ABOUT_RETURN_TYPE = YES_ERROR;
				GCC_WARN_UNDECLARED_SELECTOR = YES;
				GCC_WARN_UNINITIALIZED_AUTOS = YES_AGGRESSIVE;
				GCC_WARN_UNUSED_FUNCTION = YES;
				GCC_WARN_UNUSED_VARIABLE = YES;
				IPHONEOS_DEPLOYMENT_TARGET = 17.5;
				LOCALIZATION_PREFERS_STRING_CATALOGS = YES;
				MTL_ENABLE_DEBUG_INFO = INCLUDE_SOURCE;
				MTL_FAST_MATH = YES;
				ONLY_ACTIVE_ARCH = YES;
				SDKROOT = iphoneos;
				SWIFT_ACTIVE_COMPILATION_CONDITIONS = "DEBUG $(inherited)";
				SWIFT_OPTIMIZATION_LEVEL = "-Onone";
			};
			name = Debug;
		};
		CE9899082C8E616300A9DD46 /* Release */ = {
			isa = XCBuildConfiguration;
			buildSettings = {
				ALWAYS_SEARCH_USER_PATHS = NO;
				ASSETCATALOG_COMPILER_GENERATE_SWIFT_ASSET_SYMBOL_EXTENSIONS = YES;
				CLANG_ANALYZER_NONNULL = YES;
				CLANG_ANALYZER_NUMBER_OBJECT_CONVERSION = YES_AGGRESSIVE;
				CLANG_CXX_LANGUAGE_STANDARD = "gnu++20";
				CLANG_ENABLE_MODULES = YES;
				CLANG_ENABLE_OBJC_ARC = YES;
				CLANG_ENABLE_OBJC_WEAK = YES;
				CLANG_WARN_BLOCK_CAPTURE_AUTORELEASING = YES;
				CLANG_WARN_BOOL_CONVERSION = YES;
				CLANG_WARN_COMMA = YES;
				CLANG_WARN_CONSTANT_CONVERSION = YES;
				CLANG_WARN_DEPRECATED_OBJC_IMPLEMENTATIONS = YES;
				CLANG_WARN_DIRECT_OBJC_ISA_USAGE = YES_ERROR;
				CLANG_WARN_DOCUMENTATION_COMMENTS = YES;
				CLANG_WARN_EMPTY_BODY = YES;
				CLANG_WARN_ENUM_CONVERSION = YES;
				CLANG_WARN_INFINITE_RECURSION = YES;
				CLANG_WARN_INT_CONVERSION = YES;
				CLANG_WARN_NON_LITERAL_NULL_CONVERSION = YES;
				CLANG_WARN_OBJC_IMPLICIT_RETAIN_SELF = YES;
				CLANG_WARN_OBJC_LITERAL_CONVERSION = YES;
				CLANG_WARN_OBJC_ROOT_CLASS = YES_ERROR;
				CLANG_WARN_QUOTED_INCLUDE_IN_FRAMEWORK_HEADER = YES;
				CLANG_WARN_RANGE_LOOP_ANALYSIS = YES;
				CLANG_WARN_STRICT_PROTOTYPES = YES;
				CLANG_WARN_SUSPICIOUS_MOVE = YES;
				CLANG_WARN_UNGUARDED_AVAILABILITY = YES_AGGRESSIVE;
				CLANG_WARN_UNREACHABLE_CODE = YES;
				CLANG_WARN__DUPLICATE_METHOD_MATCH = YES;
				COPY_PHASE_STRIP = NO;
				DEBUG_INFORMATION_FORMAT = "dwarf-with-dsym";
				ENABLE_NS_ASSERTIONS = NO;
				ENABLE_STRICT_OBJC_MSGSEND = YES;
				ENABLE_USER_SCRIPT_SANDBOXING = YES;
				GCC_C_LANGUAGE_STANDARD = gnu17;
				GCC_NO_COMMON_BLOCKS = YES;
				GCC_WARN_64_TO_32_BIT_CONVERSION = YES;
				GCC_WARN_ABOUT_RETURN_TYPE = YES_ERROR;
				GCC_WARN_UNDECLARED_SELECTOR = YES;
				GCC_WARN_UNINITIALIZED_AUTOS = YES_AGGRESSIVE;
				GCC_WARN_UNUSED_FUNCTION = YES;
				GCC_WARN_UNUSED_VARIABLE = YES;
				IPHONEOS_DEPLOYMENT_TARGET = 17.5;
				LOCALIZATION_PREFERS_STRING_CATALOGS = YES;
				MTL_ENABLE_DEBUG_INFO = NO;
				MTL_FAST_MATH = YES;
				SDKROOT = iphoneos;
				SWIFT_COMPILATION_MODE = wholemodule;
				VALIDATE_PRODUCT = YES;
			};
			name = Release;
		};
		CE98990A2C8E616300A9DD46 /* Debug */ = {
			isa = XCBuildConfiguration;
			buildSettings = {
				ASSETCATALOG_COMPILER_APPICON_NAME = AppIcon;
				ASSETCATALOG_COMPILER_GLOBAL_ACCENT_COLOR_NAME = AccentColor;
				CODE_SIGN_STYLE = Automatic;
				CURRENT_PROJECT_VERSION = 1;
				GENERATE_INFOPLIST_FILE = YES;
				INFOPLIST_FILE = Zukan/Info.plist;
				INFOPLIST_KEY_UIApplicationSupportsIndirectInputEvents = YES;
				INFOPLIST_KEY_UILaunchStoryboardName = LaunchScreen;
				INFOPLIST_KEY_UIMainStoryboardFile = Main;
				INFOPLIST_KEY_UISupportedInterfaceOrientations_iPad = "UIInterfaceOrientationPortrait UIInterfaceOrientationPortraitUpsideDown UIInterfaceOrientationLandscapeLeft UIInterfaceOrientationLandscapeRight";
				INFOPLIST_KEY_UISupportedInterfaceOrientations_iPhone = "UIInterfaceOrientationPortrait UIInterfaceOrientationLandscapeLeft UIInterfaceOrientationLandscapeRight";
				LD_RUNPATH_SEARCH_PATHS = (
					"$(inherited)",
					"@executable_path/Frameworks",
				);
				MARKETING_VERSION = 1.0;
				PRODUCT_BUNDLE_IDENTIFIER = app.Tsuge.Perry.Zukan;
				PRODUCT_NAME = "$(TARGET_NAME)";
				SWIFT_EMIT_LOC_STRINGS = YES;
				SWIFT_VERSION = 5.0;
				TARGETED_DEVICE_FAMILY = "1,2";
			};
			name = Debug;
		};
		CE98990B2C8E616300A9DD46 /* Release */ = {
			isa = XCBuildConfiguration;
			buildSettings = {
				ASSETCATALOG_COMPILER_APPICON_NAME = AppIcon;
				ASSETCATALOG_COMPILER_GLOBAL_ACCENT_COLOR_NAME = AccentColor;
				CODE_SIGN_STYLE = Automatic;
				CURRENT_PROJECT_VERSION = 1;
				GENERATE_INFOPLIST_FILE = YES;
				INFOPLIST_FILE = Zukan/Info.plist;
				INFOPLIST_KEY_UIApplicationSupportsIndirectInputEvents = YES;
				INFOPLIST_KEY_UILaunchStoryboardName = LaunchScreen;
				INFOPLIST_KEY_UIMainStoryboardFile = Main;
				INFOPLIST_KEY_UISupportedInterfaceOrientations_iPad = "UIInterfaceOrientationPortrait UIInterfaceOrientationPortraitUpsideDown UIInterfaceOrientationLandscapeLeft UIInterfaceOrientationLandscapeRight";
				INFOPLIST_KEY_UISupportedInterfaceOrientations_iPhone = "UIInterfaceOrientationPortrait UIInterfaceOrientationLandscapeLeft UIInterfaceOrientationLandscapeRight";
				LD_RUNPATH_SEARCH_PATHS = (
					"$(inherited)",
					"@executable_path/Frameworks",
				);
				MARKETING_VERSION = 1.0;
				PRODUCT_BUNDLE_IDENTIFIER = app.Tsuge.Perry.Zukan;
				PRODUCT_NAME = "$(TARGET_NAME)";
				SWIFT_EMIT_LOC_STRINGS = YES;
				SWIFT_VERSION = 5.0;
				TARGETED_DEVICE_FAMILY = "1,2";
			};
			name = Release;
		};
/* End XCBuildConfiguration section */

/* Begin XCConfigurationList section */
		CE9898F02C8E616100A9DD46 /* Build configuration list for PBXProject "Zukan" */ = {
			isa = XCConfigurationList;
			buildConfigurations = (
				CE9899072C8E616300A9DD46 /* Debug */,
				CE9899082C8E616300A9DD46 /* Release */,
			);
			defaultConfigurationIsVisible = 0;
			defaultConfigurationName = Release;
		};
		CE9899092C8E616300A9DD46 /* Build configuration list for PBXNativeTarget "Zukan" */ = {
			isa = XCConfigurationList;
			buildConfigurations = (
				CE98990A2C8E616300A9DD46 /* Debug */,
				CE98990B2C8E616300A9DD46 /* Release */,
			);
			defaultConfigurationIsVisible = 0;
			defaultConfigurationName = Release;
		};
/* End XCConfigurationList section */
	};
	rootObject = CE9898ED2C8E616100A9DD46 /* Project object */;
}
